
Microsoft Visual Studio Solution File, Format Version 12.00
# Visual Studio Version 17
VisualStudioVersion = 17.6.33723.286
MinimumVisualStudioVersion = 10.0.40219.1
Project("{9A19103F-16F7-4668-BE54-9A1E7A4F7556}") = "BookToAudio.Infra", "BookToAudio.Infa\BookToAudio.Infra.csproj", "{C3E10F82-F0C1-4F77-8198-46BCEE54FD9F}"
EndProject
Project("{9A19103F-16F7-4668-BE54-9A1E7A4F7556}") = "BookToAudio.Core", "BookToAudio.Core\BookToAudio.Core.csproj", "{D87C615C-7DF7-48C8-A631-4CF5E2C50A55}"
EndProject
Project("{9A19103F-16F7-4668-BE54-9A1E7A4F7556}") = "BookToAudio", "BookToAudio\BookToAudio.csproj", "{FFABDA2C-DD7F-41C1-8E9A-8A22B5318E33}"
EndProject
Project("{54A90642-561A-4BB1-A94E-469ADEE60C69}") = "BookToAudio.Web", "BookToAudio.Web\BookToAudio.Web.esproj", "{07FC8C21-43D6-4E08-B6BF-D08D89FB39B8}"
EndProject
Project("{2150E333-8FDC-42A3-9474-1A3956D46DE8}") = "Tests", "Tests", "{CF9E2D8C-15F7-4744-A53D-6F5B1E4BA3C6}"
EndProject
Project("{9A19103F-16F7-4668-BE54-9A1E7A4F7556}") = "BookToAudio.RealTime", "BookToAudio.RealTime\BookToAudio.RealTime.csproj", "{2E161E11-0B89-4F25-B25D-7CC8E882B1A8}"
EndProject
Project("{9A19103F-16F7-4668-BE54-9A1E7A4F7556}") = "BookToAudio.SeleniumTests", "BookToAudio.SeleniumTests\BookToAudio.SeleniumTests.csproj", "{553EB44A-2BF7-4D27-870F-D356C6366021}"
EndProject
Project("{9A19103F-16F7-4668-BE54-9A1E7A4F7556}") = "BookToAudio.TestingInfra", "BookToAudio.TestingInfra\BookToAudio.TestingInfra.csproj", "{5968434E-9D12-40B9-B90D-55ADD5465CF5}"
EndProject
Project("{9A19103F-16F7-4668-BE54-9A1E7A4F7556}") = "BookToAudio.IntegrationTests", "BookToAudio.IntegrationTests\BookToAudio.IntegrationTests.csproj", "{0DE4C0A4-01AC-4E61-8C7B-A816F72C72DD}"
EndProject
Project("{9A19103F-16F7-4668-BE54-9A1E7A4F7556}") = "BookToAudio.UnitTests", "BookToAudio.UnitTests\BookToAudio.UnitTests.csproj", "{C77B6C22-DF6B-4374-855C-DFF0C6A473DD}"
EndProject
Global
	GlobalSection(SolutionConfigurationPlatforms) = preSolution
		Debug|Any CPU = Debug|Any CPU
		Release|Any CPU = Release|Any CPU
	EndGlobalSection
	GlobalSection(ProjectConfigurationPlatforms) = postSolution
		{C3E10F82-F0C1-4F77-8198-46BCEE54FD9F}.Debug|Any CPU.ActiveCfg = Debug|Any CPU
		{C3E10F82-F0C1-4F77-8198-46BCEE54FD9F}.Debug|Any CPU.Build.0 = Debug|Any CPU
		{C3E10F82-F0C1-4F77-8198-46BCEE54FD9F}.Release|Any CPU.ActiveCfg = Release|Any CPU
		{C3E10F82-F0C1-4F77-8198-46BCEE54FD9F}.Release|Any CPU.Build.0 = Release|Any CPU
		{D87C615C-7DF7-48C8-A631-4CF5E2C50A55}.Debug|Any CPU.ActiveCfg = Debug|Any CPU
		{D87C615C-7DF7-48C8-A631-4CF5E2C50A55}.Debug|Any CPU.Build.0 = Debug|Any CPU
		{D87C615C-7DF7-48C8-A631-4CF5E2C50A55}.Release|Any CPU.ActiveCfg = Release|Any CPU
		{D87C615C-7DF7-48C8-A631-4CF5E2C50A55}.Release|Any CPU.Build.0 = Release|Any CPU
		{FFABDA2C-DD7F-41C1-8E9A-8A22B5318E33}.Debug|Any CPU.ActiveCfg = Debug|Any CPU
		{FFABDA2C-DD7F-41C1-8E9A-8A22B5318E33}.Debug|Any CPU.Build.0 = Debug|Any CPU
		{FFABDA2C-DD7F-41C1-8E9A-8A22B5318E33}.Release|Any CPU.ActiveCfg = Release|Any CPU
		{FFABDA2C-DD7F-41C1-8E9A-8A22B5318E33}.Release|Any CPU.Build.0 = Release|Any CPU
		{07FC8C21-43D6-4E08-B6BF-D08D89FB39B8}.Debug|Any CPU.ActiveCfg = Debug|Any CPU
		{07FC8C21-43D6-4E08-B6BF-D08D89FB39B8}.Debug|Any CPU.Build.0 = Debug|Any CPU
		{07FC8C21-43D6-4E08-B6BF-D08D89FB39B8}.Debug|Any CPU.Deploy.0 = Debug|Any CPU
		{07FC8C21-43D6-4E08-B6BF-D08D89FB39B8}.Release|Any CPU.ActiveCfg = Release|Any CPU
		{07FC8C21-43D6-4E08-B6BF-D08D89FB39B8}.Release|Any CPU.Build.0 = Release|Any CPU
		{07FC8C21-43D6-4E08-B6BF-D08D89FB39B8}.Release|Any CPU.Deploy.0 = Release|Any CPU
		{2E161E11-0B89-4F25-B25D-7CC8E882B1A8}.Debug|Any CPU.ActiveCfg = Debug|Any CPU
		{2E161E11-0B89-4F25-B25D-7CC8E882B1A8}.Debug|Any CPU.Build.0 = Debug|Any CPU
		{2E161E11-0B89-4F25-B25D-7CC8E882B1A8}.Release|Any CPU.ActiveCfg = Release|Any CPU
		{2E161E11-0B89-4F25-B25D-7CC8E882B1A8}.Release|Any CPU.Build.0 = Release|Any CPU
		{553EB44A-2BF7-4D27-870F-D356C6366021}.Debug|Any CPU.ActiveCfg = Debug|Any CPU
		{553EB44A-2BF7-4D27-870F-D356C6366021}.Debug|Any CPU.Build.0 = Debug|Any CPU
		{553EB44A-2BF7-4D27-870F-D356C6366021}.Release|Any CPU.ActiveCfg = Release|Any CPU
		{553EB44A-2BF7-4D27-870F-D356C6366021}.Release|Any CPU.Build.0 = Release|Any CPU
		{5968434E-9D12-40B9-B90D-55ADD5465CF5}.Debug|Any CPU.ActiveCfg = Debug|Any CPU
		{5968434E-9D12-40B9-B90D-55ADD5465CF5}.Debug|Any CPU.Build.0 = Debug|Any CPU
		{5968434E-9D12-40B9-B90D-55ADD5465CF5}.Release|Any CPU.ActiveCfg = Release|Any CPU
		{5968434E-9D12-40B9-B90D-55ADD5465CF5}.Release|Any CPU.Build.0 = Release|Any CPU
		{0DE4C0A4-01AC-4E61-8C7B-A816F72C72DD}.Debug|Any CPU.ActiveCfg = Debug|Any CPU
		{0DE4C0A4-01AC-4E61-8C7B-A816F72C72DD}.Debug|Any CPU.Build.0 = Debug|Any CPU
		{0DE4C0A4-01AC-4E61-8C7B-A816F72C72DD}.Release|Any CPU.ActiveCfg = Release|Any CPU
		{0DE4C0A4-01AC-4E61-8C7B-A816F72C72DD}.Release|Any CPU.Build.0 = Release|Any CPU
		{C77B6C22-DF6B-4374-855C-DFF0C6A473DD}.Debug|Any CPU.ActiveCfg = Debug|Any CPU
		{C77B6C22-DF6B-4374-855C-DFF0C6A473DD}.Debug|Any CPU.Build.0 = Debug|Any CPU
		{C77B6C22-DF6B-4374-855C-DFF0C6A473DD}.Release|Any CPU.ActiveCfg = Release|Any CPU
		{C77B6C22-DF6B-4374-855C-DFF0C6A473DD}.Release|Any CPU.Build.0 = Release|Any CPU
	EndGlobalSection
	GlobalSection(SolutionProperties) = preSolution
		HideSolutionNode = FALSE
	EndGlobalSection
	GlobalSection(NestedProjects) = preSolution
		{553EB44A-2BF7-4D27-870F-D356C6366021} = {CF9E2D8C-15F7-4744-A53D-6F5B1E4BA3C6}
		{5968434E-9D12-40B9-B90D-55ADD5465CF5} = {CF9E2D8C-15F7-4744-A53D-6F5B1E4BA3C6}
		{0DE4C0A4-01AC-4E61-8C7B-A816F72C72DD} = {CF9E2D8C-15F7-4744-A53D-6F5B1E4BA3C6}
		{C77B6C22-DF6B-4374-855C-DFF0C6A473DD} = {CF9E2D8C-15F7-4744-A53D-6F5B1E4BA3C6}
	EndGlobalSection
	GlobalSection(ExtensibilityGlobals) = postSolution
		SolutionGuid = {CD282FE1-B6D4-4EBF-BF28-4E0BB9E5FD62}
	EndGlobalSection
EndGlobal
