{
  "version": 1,
  "dependencies": {
    "net10.0": {
      "Menees.Analyzers": {
        "type": "Direct",
        "requested": "[4.0.1, )",
        "resolved": "4.0.1",
        "contentHash": "YTMPnmgtutjukIa2KDAiA1fqYQDHmZ0jTawgQNYANYJWQegXbdjKtr1WcsT38LbrI269X6JrmJUrdCG0zTQdNg=="
      }
    }
  }
}